
Microsoft Visual Studio Solution File, Format Version 12.00
# Visual Studio Version 17
VisualStudioVersion = 17.3.32811.315
MinimumVisualStudioVersion = 10.0.40219.1
Project("{FAE04EC0-301F-11D3-BF4B-00C04F79EFBC}") = "RUFServerObjs", "RUFServerObjs\RUFServerObjs.csproj", "{BE8D3637-F270-40FA-8162-16434D7370CA}"
EndProject
Global
	GlobalSection(SolutionConfigurationPlatforms) = preSolution
		Debug|Any CPU = Debug|Any CPU
		Release|Any CPU = Release|Any CPU
	EndGlobalSection
	GlobalSection(ProjectConfigurationPlatforms) = postSolution
		{BE8D3637-F270-40FA-8162-16434D7370CA}.Debug|Any CPU.ActiveCfg = Debug|Any CPU
		{BE8D3637-F270-40FA-8162-16434D7370CA}.Debug|Any CPU.Build.0 = Debug|Any CPU
		{BE8D3637-F270-40FA-8162-16434D7370CA}.Release|Any CPU.ActiveCfg = Release|Any CPU
		{BE8D3637-F270-40FA-8162-16434D7370CA}.Release|Any CPU.Build.0 = Release|Any CPU
	EndGlobalSection
	GlobalSection(SolutionProperties) = preSolution
		HideSolutionNode = FALSE
	EndGlobalSection
	GlobalSection(ExtensibilityGlobals) = postSolution
		SolutionGuid = {AF9BAFD6-F42B-4B20-995B-C47D3D23FFA1}
	EndGlobalSection
EndGlobal
